
Microsoft Visual Studio Solution File, Format Version 12.00
# Visual Studio 15
VisualStudioVersion = 15.0.28307.1321
MinimumVisualStudioVersion = 10.0.40219.1
Project("{FAE04EC0-301F-11D3-BF4B-00C04F79EFBC}") = "DataBarang", "DataBarang\DataBarang.csproj", "{62C6797A-AF58-4C70-A888-FD71788C1596}"
EndProject
Global
	GlobalSection(SolutionConfigurationPlatforms) = preSolution
		Debug|Any CPU = Debug|Any CPU
		Release|Any CPU = Release|Any CPU
	EndGlobalSection
	GlobalSection(ProjectConfigurationPlatforms) = postSolution
		{62C6797A-AF58-4C70-A888-FD71788C1596}.Debug|Any CPU.ActiveCfg = Debug|Any CPU
		{62C6797A-AF58-4C70-A888-FD71788C1596}.Debug|Any CPU.Build.0 = Debug|Any CPU
		{62C6797A-AF58-4C70-A888-FD71788C1596}.Release|Any CPU.ActiveCfg = Release|Any CPU
		{62C6797A-AF58-4C70-A888-FD71788C1596}.Release|Any CPU.Build.0 = Release|Any CPU
	EndGlobalSection
	GlobalSection(SolutionProperties) = preSolution
		HideSolutionNode = FALSE
	EndGlobalSection
	GlobalSection(ExtensibilityGlobals) = postSolution
		SolutionGuid = {47F67F20-CCF9-4764-B9B2-1E725FDA09DE}
	EndGlobalSection
EndGlobal
